
Microsoft Visual Studio Solution File, Format Version 12.00
# Visual Studio Version 17
VisualStudioVersion = 17.11.35431.28
MinimumVisualStudioVersion = 10.0.40219.1
Project("{FAE04EC0-301F-11D3-BF4B-00C04F79EFBC}") = "All-CRUDIN-MVC", "All-CRUDIN-MVC\All-CRUDIN-MVC.csproj", "{131DA78E-56C6-4B84-9813-56AEE9863EB3}"
EndProject
Global
	GlobalSection(SolutionConfigurationPlatforms) = preSolution
		Debug|Any CPU = Debug|Any CPU
		Release|Any CPU = Release|Any CPU
	EndGlobalSection
	GlobalSection(ProjectConfigurationPlatforms) = postSolution
		{131DA78E-56C6-4B84-9813-56AEE9863EB3}.Debug|Any CPU.ActiveCfg = Debug|Any CPU
		{131DA78E-56C6-4B84-9813-56AEE9863EB3}.Debug|Any CPU.Build.0 = Debug|Any CPU
		{131DA78E-56C6-4B84-9813-56AEE9863EB3}.Release|Any CPU.ActiveCfg = Release|Any CPU
		{131DA78E-56C6-4B84-9813-56AEE9863EB3}.Release|Any CPU.Build.0 = Release|Any CPU
	EndGlobalSection
	GlobalSection(SolutionProperties) = preSolution
		HideSolutionNode = FALSE
	EndGlobalSection
	GlobalSection(ExtensibilityGlobals) = postSolution
		SolutionGuid = {87F554E1-83F9-46F9-9005-86DD4CFB07F2}
	EndGlobalSection
EndGlobal
